
Microsoft Visual Studio Solution File, Format Version 12.00
# Visual Studio Version 17
VisualStudioVersion = 17.9.34714.143
MinimumVisualStudioVersion = 10.0.40219.1
Project("{FAE04EC0-301F-11D3-BF4B-00C04F79EFBC}") = "Sistema_de_vendas", "Sistema_de_vendas\Sistema_de_vendas.csproj", "{11F58172-1477-4C11-BA8F-89D7A3739A4E}"
EndProject
Global
	GlobalSection(SolutionConfigurationPlatforms) = preSolution
		Debug|Any CPU = Debug|Any CPU
		Release|Any CPU = Release|Any CPU
	EndGlobalSection
	GlobalSection(ProjectConfigurationPlatforms) = postSolution
		{11F58172-1477-4C11-BA8F-89D7A3739A4E}.Debug|Any CPU.ActiveCfg = Debug|Any CPU
		{11F58172-1477-4C11-BA8F-89D7A3739A4E}.Debug|Any CPU.Build.0 = Debug|Any CPU
		{11F58172-1477-4C11-BA8F-89D7A3739A4E}.Release|Any CPU.ActiveCfg = Release|Any CPU
		{11F58172-1477-4C11-BA8F-89D7A3739A4E}.Release|Any CPU.Build.0 = Release|Any CPU
	EndGlobalSection
	GlobalSection(SolutionProperties) = preSolution
		HideSolutionNode = FALSE
	EndGlobalSection
	GlobalSection(ExtensibilityGlobals) = postSolution
		SolutionGuid = {60292457-3FDA-44F8-9D55-D81BAEBB075C}
	EndGlobalSection
EndGlobal
