
Microsoft Visual Studio Solution File, Format Version 12.00
# Visual Studio Version 17
VisualStudioVersion = 17.7.34031.279
MinimumVisualStudioVersion = 10.0.40219.1
Project("{FAE04EC0-301F-11D3-BF4B-00C04F79EFBC}") = "Aula_18-10-2023", "Aula_18-10-2023\Aula_18-10-2023.csproj", "{E805B5AD-E579-4C4E-A7B3-684A085007A8}"
EndProject
Global
	GlobalSection(SolutionConfigurationPlatforms) = preSolution
		Debug|Any CPU = Debug|Any CPU
		Release|Any CPU = Release|Any CPU
	EndGlobalSection
	GlobalSection(ProjectConfigurationPlatforms) = postSolution
		{E805B5AD-E579-4C4E-A7B3-684A085007A8}.Debug|Any CPU.ActiveCfg = Debug|Any CPU
		{E805B5AD-E579-4C4E-A7B3-684A085007A8}.Debug|Any CPU.Build.0 = Debug|Any CPU
		{E805B5AD-E579-4C4E-A7B3-684A085007A8}.Release|Any CPU.ActiveCfg = Release|Any CPU
		{E805B5AD-E579-4C4E-A7B3-684A085007A8}.Release|Any CPU.Build.0 = Release|Any CPU
	EndGlobalSection
	GlobalSection(SolutionProperties) = preSolution
		HideSolutionNode = FALSE
	EndGlobalSection
	GlobalSection(ExtensibilityGlobals) = postSolution
		SolutionGuid = {BC3927F5-260C-4C9E-8130-E080DE5652D6}
	EndGlobalSection
EndGlobal
