
Microsoft Visual Studio Solution File, Format Version 12.00
# Visual Studio Version 17
VisualStudioVersion = 17.7.34031.279
MinimumVisualStudioVersion = 10.0.40219.1
Project("{FAE04EC0-301F-11D3-BF4B-00C04F79EFBC}") = "Gestão", "Gestão\Gestão.csproj", "{C0754305-5EF8-414F-9F8F-35EAD918E671}"
EndProject
Global
	GlobalSection(SolutionConfigurationPlatforms) = preSolution
		Debug|Any CPU = Debug|Any CPU
		Release|Any CPU = Release|Any CPU
	EndGlobalSection
	GlobalSection(ProjectConfigurationPlatforms) = postSolution
		{C0754305-5EF8-414F-9F8F-35EAD918E671}.Debug|Any CPU.ActiveCfg = Debug|Any CPU
		{C0754305-5EF8-414F-9F8F-35EAD918E671}.Debug|Any CPU.Build.0 = Debug|Any CPU
		{C0754305-5EF8-414F-9F8F-35EAD918E671}.Release|Any CPU.ActiveCfg = Release|Any CPU
		{C0754305-5EF8-414F-9F8F-35EAD918E671}.Release|Any CPU.Build.0 = Release|Any CPU
	EndGlobalSection
	GlobalSection(SolutionProperties) = preSolution
		HideSolutionNode = FALSE
	EndGlobalSection
	GlobalSection(ExtensibilityGlobals) = postSolution
		SolutionGuid = {6D84C514-A2CE-4401-8601-754535EA96F9}
	EndGlobalSection
EndGlobal
