
Microsoft Visual Studio Solution File, Format Version 12.00
# Visual Studio Version 17
VisualStudioVersion = 17.7.34221.43
MinimumVisualStudioVersion = 10.0.40219.1
Project("{FAE04EC0-301F-11D3-BF4B-00C04F79EFBC}") = "Pao_Precioso", "Pao_Precioso\Pao_Precioso.csproj", "{EF2EAA00-C19A-40E4-A09A-F87F3ADA5A56}"
EndProject
Global
	GlobalSection(SolutionConfigurationPlatforms) = preSolution
		Debug|Any CPU = Debug|Any CPU
		Release|Any CPU = Release|Any CPU
	EndGlobalSection
	GlobalSection(ProjectConfigurationPlatforms) = postSolution
		{EF2EAA00-C19A-40E4-A09A-F87F3ADA5A56}.Debug|Any CPU.ActiveCfg = Debug|Any CPU
		{EF2EAA00-C19A-40E4-A09A-F87F3ADA5A56}.Debug|Any CPU.Build.0 = Debug|Any CPU
		{EF2EAA00-C19A-40E4-A09A-F87F3ADA5A56}.Release|Any CPU.ActiveCfg = Release|Any CPU
		{EF2EAA00-C19A-40E4-A09A-F87F3ADA5A56}.Release|Any CPU.Build.0 = Release|Any CPU
	EndGlobalSection
	GlobalSection(SolutionProperties) = preSolution
		HideSolutionNode = FALSE
	EndGlobalSection
	GlobalSection(ExtensibilityGlobals) = postSolution
		SolutionGuid = {C0BCC1CF-3E5B-46AE-BF77-B8801DE7A931}
	EndGlobalSection
EndGlobal
